Microsoft Visual Studio Solution File, Format Version 12.00
# Visual Studio 2012
Project("{FAE04EC0-301F-11D3-BF4B-00C04F79EFBC}") = "Lyrq", "Lyrq.csproj", "{F17801A2-EE0C-41AF-B2A8-0E94597BC1AF}"
EndProject
Global
	GlobalSection(SolutionConfigurationPlatforms) = preSolution
	Debug|Any CPU = Debug|Any CPU
	ExportDebug|Any CPU = ExportDebug|Any CPU
	ExportRelease|Any CPU = ExportRelease|Any CPU
	EndGlobalSection
	GlobalSection(ProjectConfigurationPlatforms) = postSolution
		{F17801A2-EE0C-41AF-B2A8-0E94597BC1AF}.Debug|Any CPU.ActiveCfg = Debug|Any CPU
		{F17801A2-EE0C-41AF-B2A8-0E94597BC1AF}.Debug|Any CPU.Build.0 = Debug|Any CPU
		{F17801A2-EE0C-41AF-B2A8-0E94597BC1AF}.ExportDebug|Any CPU.ActiveCfg = ExportDebug|Any CPU
		{F17801A2-EE0C-41AF-B2A8-0E94597BC1AF}.ExportDebug|Any CPU.Build.0 = ExportDebug|Any CPU
		{F17801A2-EE0C-41AF-B2A8-0E94597BC1AF}.ExportRelease|Any CPU.ActiveCfg = ExportRelease|Any CPU
		{F17801A2-EE0C-41AF-B2A8-0E94597BC1AF}.ExportRelease|Any CPU.Build.0 = ExportRelease|Any CPU
	EndGlobalSection
EndGlobal
